
Microsoft Visual Studio Solution File, Format Version 12.00
# Visual Studio Version 16
VisualStudioVersion = 16.0.30621.155
MinimumVisualStudioVersion = 10.0.40219.1
Project("{FAE04EC0-301F-11D3-BF4B-00C04F79EFBC}") = "LM2.Server", "Server\LM2.Server.csproj", "{CB35B385-94EF-4207-90A6-B4804B733589}"
EndProject
Project("{FAE04EC0-301F-11D3-BF4B-00C04F79EFBC}") = "LM2.Client", "Client\LM2.Client.csproj", "{2C441C74-7D43-4DE4-ABC0-751C981F937F}"
EndProject
Project("{FAE04EC0-301F-11D3-BF4B-00C04F79EFBC}") = "LM2.Shared", "Shared\LM2.Shared.csproj", "{81355FFD-E609-49B0-AD78-8D4E382C31DA}"
EndProject
Global
	GlobalSection(SolutionConfigurationPlatforms) = preSolution
		Debug|Any CPU = Debug|Any CPU
		Release|Any CPU = Release|Any CPU
	EndGlobalSection
	GlobalSection(ProjectConfigurationPlatforms) = postSolution
		{CB35B385-94EF-4207-90A6-B4804B733589}.Debug|Any CPU.ActiveCfg = Debug|Any CPU
		{CB35B385-94EF-4207-90A6-B4804B733589}.Debug|Any CPU.Build.0 = Debug|Any CPU
		{CB35B385-94EF-4207-90A6-B4804B733589}.Release|Any CPU.ActiveCfg = Release|Any CPU
		{CB35B385-94EF-4207-90A6-B4804B733589}.Release|Any CPU.Build.0 = Release|Any CPU
		{2C441C74-7D43-4DE4-ABC0-751C981F937F}.Debug|Any CPU.ActiveCfg = Debug|Any CPU
		{2C441C74-7D43-4DE4-ABC0-751C981F937F}.Debug|Any CPU.Build.0 = Debug|Any CPU
		{2C441C74-7D43-4DE4-ABC0-751C981F937F}.Release|Any CPU.ActiveCfg = Release|Any CPU
		{2C441C74-7D43-4DE4-ABC0-751C981F937F}.Release|Any CPU.Build.0 = Release|Any CPU
		{81355FFD-E609-49B0-AD78-8D4E382C31DA}.Debug|Any CPU.ActiveCfg = Debug|Any CPU
		{81355FFD-E609-49B0-AD78-8D4E382C31DA}.Debug|Any CPU.Build.0 = Debug|Any CPU
		{81355FFD-E609-49B0-AD78-8D4E382C31DA}.Release|Any CPU.ActiveCfg = Release|Any CPU
		{81355FFD-E609-49B0-AD78-8D4E382C31DA}.Release|Any CPU.Build.0 = Release|Any CPU
	EndGlobalSection
	GlobalSection(SolutionProperties) = preSolution
		HideSolutionNode = FALSE
	EndGlobalSection
	GlobalSection(ExtensibilityGlobals) = postSolution
		SolutionGuid = {43940B36-BCF6-4D79-8D52-166314903849}
	EndGlobalSection
EndGlobal
